// !$*UTF8*$!
{
	archiveVersion = 1;
	classes = {
	};
	objectVersion = 50;
	objects = {

/* Begin PBXBuildFile section */
		301C2DA951BAC31FE3C3127A /* Pods_BestStarApp_BestStarAppTests.framework in Frameworks */ = {isa = PBXBuildFile; fileRef = DF538A0213B1A8481E987B93 /* Pods_BestStarApp_BestStarAppTests.framework */; };
		5FF701C83B5FF5A1560B2BC6 /* Pods_BestStarApp_BestStarAppUITests.framework in Frameworks */ = {isa = PBXBuildFile; fileRef = A620EFD9C1010E4868507A76 /* Pods_BestStarApp_BestStarAppUITests.framework */; };
		6B836FDCBE4D3323C693EB8C /* Pods_BestStarApp.framework in Frameworks */ = {isa = PBXBuildFile; fileRef = CCD59D251B77BE2649FD0086 /* Pods_BestStarApp.framework */; };
		B26EA73A232086110066F20B /* BaseWebservice.swift in Sources */ = {isa = PBXBuildFile; fileRef = B26EA739232086110066F20B /* BaseWebservice.swift */; };
		B26EA73C2320862A0066F20B /* DefaultSessionManager.swift in Sources */ = {isa = PBXBuildFile; fileRef = B26EA73B2320862A0066F20B /* DefaultSessionManager.swift */; };
		B26EA73E2320863D0066F20B /* HTTPStatusCode.swift in Sources */ = {isa = PBXBuildFile; fileRef = B26EA73D2320863D0066F20B /* HTTPStatusCode.swift */; };
		B26EA740232086500066F20B /* ParamsBuilder.swift in Sources */ = {isa = PBXBuildFile; fileRef = B26EA73F232086500066F20B /* ParamsBuilder.swift */; };
		B26EA742232086620066F20B /* HTTPMethod.swift in Sources */ = {isa = PBXBuildFile; fileRef = B26EA741232086620066F20B /* HTTPMethod.swift */; };
		B26EA744232086750066F20B /* WebserviceError.swift in Sources */ = {isa = PBXBuildFile; fileRef = B26EA743232086750066F20B /* WebserviceError.swift */; };
		B26EA7462320868A0066F20B /* Webservice.swift in Sources */ = {isa = PBXBuildFile; fileRef = B26EA7452320868A0066F20B /* Webservice.swift */; };
		B26EA7492320878E0066F20B /* Environment.swift in Sources */ = {isa = PBXBuildFile; fileRef = B26EA7482320878E0066F20B /* Environment.swift */; };
		B26EA74B2320879D0066F20B /* Configuration.swift in Sources */ = {isa = PBXBuildFile; fileRef = B26EA74A2320879D0066F20B /* Configuration.swift */; };
		B26EA74D232087EF0066F20B /* API.swift in Sources */ = {isa = PBXBuildFile; fileRef = B26EA74C232087EF0066F20B /* API.swift */; };
		B26EA751232089830066F20B /* RepositoriesResponse.swift in Sources */ = {isa = PBXBuildFile; fileRef = B26EA750232089830066F20B /* RepositoriesResponse.swift */; };
		B26EA753232089E10066F20B /* Repository.swift in Sources */ = {isa = PBXBuildFile; fileRef = B26EA752232089E10066F20B /* Repository.swift */; };
		B26EA75523208A280066F20B /* Owner.swift in Sources */ = {isa = PBXBuildFile; fileRef = B26EA75423208A280066F20B /* Owner.swift */; };
		B26EA75823208B620066F20B /* RepositoryService.swift in Sources */ = {isa = PBXBuildFile; fileRef = B26EA75723208B620066F20B /* RepositoryService.swift */; };
		B2895B972320ADA9004B1B7E /* Pods_BestStarAppUITests.framework in Frameworks */ = {isa = PBXBuildFile; fileRef = B2895B962320ADA9004B1B7E /* Pods_BestStarAppUITests.framework */; };
		B2895B9B2320AE8A004B1B7E /* MockWebservice.swift in Sources */ = {isa = PBXBuildFile; fileRef = B2895B9A2320AE8A004B1B7E /* MockWebservice.swift */; };
		B2895B9E2320AED5004B1B7E /* RepositorySwift.json in Resources */ = {isa = PBXBuildFile; fileRef = B2895B9D2320AED5004B1B7E /* RepositorySwift.json */; };
		B2895BA02320AF19004B1B7E /* WebserviceSpec.swift in Sources */ = {isa = PBXBuildFile; fileRef = B2895B9F2320AF19004B1B7E /* WebserviceSpec.swift */; };
		B2895BA32320AF9C004B1B7E /* RepositoryWebserviceSpec.swift in Sources */ = {isa = PBXBuildFile; fileRef = B2895BA22320AF9C004B1B7E /* RepositoryWebserviceSpec.swift */; };
		B2895BAE2320BE13004B1B7E /* Localizable.strings in Resources */ = {isa = PBXBuildFile; fileRef = B2895BAD2320BE13004B1B7E /* Localizable.strings */; };
		B2895BB02320BE4B004B1B7E /* Colors.json in Resources */ = {isa = PBXBuildFile; fileRef = B2895BAF2320BE4B004B1B7E /* Colors.json */; };
		B2895BB42320BF9D004B1B7E /* swiftgen.yml in Resources */ = {isa = PBXBuildFile; fileRef = B2895BB32320BF9D004B1B7E /* swiftgen.yml */; };
		B2895BB92320BFCF004B1B7E /* Colors.swift in Sources */ = {isa = PBXBuildFile; fileRef = B2895BB52320BFCF004B1B7E /* Colors.swift */; };
		B2895BBA2320BFCF004B1B7E /* Assets.swift in Sources */ = {isa = PBXBuildFile; fileRef = B2895BB62320BFCF004B1B7E /* Assets.swift */; };
		B2895BBB2320BFCF004B1B7E /* Strings.swift in Sources */ = {isa = PBXBuildFile; fileRef = B2895BB72320BFCF004B1B7E /* Strings.swift */; };
		B2895BBC2320BFCF004B1B7E /* Fonts.swift in Sources */ = {isa = PBXBuildFile; fileRef = B2895BB82320BFCF004B1B7E /* Fonts.swift */; };
		B2895BC02320C005004B1B7E /* RepositoryListViewController.swift in Sources */ = {isa = PBXBuildFile; fileRef = B2895BBF2320C005004B1B7E /* RepositoryListViewController.swift */; };
		B2895BC42320C09F004B1B7E /* UIViewController+Extensions.swift in Sources */ = {isa = PBXBuildFile; fileRef = B2895BC32320C09F004B1B7E /* UIViewController+Extensions.swift */; };
		B2895BD72320C17C004B1B7E /* Gotham-Black.otf in Sources */ = {isa = PBXBuildFile; fileRef = B2895BC52320C168004B1B7E /* Gotham-Black.otf */; };
		B2895BD82320C17C004B1B7E /* Gotham-Bold.otf in Sources */ = {isa = PBXBuildFile; fileRef = B2895BD22320C169004B1B7E /* Gotham-Bold.otf */; };
		B2895BD92320C17C004B1B7E /* Gotham-BookItalic.otf in Sources */ = {isa = PBXBuildFile; fileRef = B2895BD02320C169004B1B7E /* Gotham-BookItalic.otf */; };
		B2895BDA2320C17C004B1B7E /* Gotham-Light.otf in Sources */ = {isa = PBXBuildFile; fileRef = B2895BC72320C168004B1B7E /* Gotham-Light.otf */; };
		B2895BDB2320C17C004B1B7E /* Gotham-Thin.otf in Sources */ = {isa = PBXBuildFile; fileRef = B2895BD12320C169004B1B7E /* Gotham-Thin.otf */; };
		B2895BEB2320C303004B1B7E /* CodeViewProtocol.swift in Sources */ = {isa = PBXBuildFile; fileRef = B2895BEA2320C303004B1B7E /* CodeViewProtocol.swift */; };
		B2895BED2320C479004B1B7E /* UIView+Extensions.swift in Sources */ = {isa = PBXBuildFile; fileRef = B2895BEC2320C479004B1B7E /* UIView+Extensions.swift */; };
		B29365EE232076D00046CEBC /* AppDelegate.swift in Sources */ = {isa = PBXBuildFile; fileRef = B29365ED232076D00046CEBC /* AppDelegate.swift */; };
		B29365F5232076D20046CEBC /* Assets.xcassets in Resources */ = {isa = PBXBuildFile; fileRef = B29365F4232076D20046CEBC /* Assets.xcassets */; };
		B29365F8232076D20046CEBC /* LaunchScreen.storyboard in Resources */ = {isa = PBXBuildFile; fileRef = B29365F6232076D20046CEBC /* LaunchScreen.storyboard */; };
		B2936603232076D20046CEBC /* BestStarAppTests.swift in Sources */ = {isa = PBXBuildFile; fileRef = B2936602232076D20046CEBC /* BestStarAppTests.swift */; };
		B293660E232076D20046CEBC /* BestStarAppUITests.swift in Sources */ = {isa = PBXBuildFile; fileRef = B293660D232076D20046CEBC /* BestStarAppUITests.swift */; };
		F5EBAD5F32C591140F88465E /* Pods_BestStarAppTests.framework in Frameworks */ = {isa = PBXBuildFile; fileRef = 99527C34007A93B60BF43782 /* Pods_BestStarAppTests.framework */; };
/* End PBXBuildFile section */

/* Begin PBXContainerItemProxy section */
		B29365FF232076D20046CEBC /* PBXContainerItemProxy */ = {
			isa = PBXContainerItemProxy;
			containerPortal = B29365E2232076D00046CEBC /* Project object */;
			proxyType = 1;
			remoteGlobalIDString = B29365E9232076D00046CEBC;
			remoteInfo = BestStarApp;
		};
		B293660A232076D20046CEBC /* PBXContainerItemProxy */ = {
			isa = PBXContainerItemProxy;
			containerPortal = B29365E2232076D00046CEBC /* Project object */;
			proxyType = 1;
			remoteGlobalIDString = B29365E9232076D00046CEBC;
			remoteInfo = BestStarApp;
		};
/* End PBXContainerItemProxy section */

/* Begin PBXFileReference section */
		1EE5C26BD71CA9423B84D186 /* Pods-BestStarApp-BestStarAppUITests.release.xcconfig */ = {isa = PBXFileReference; includeInIndex = 1; lastKnownFileType = text.xcconfig; name = "Pods-BestStarApp-BestStarAppUITests.release.xcconfig"; path = "Target Support Files/Pods-BestStarApp-BestStarAppUITests/Pods-BestStarApp-BestStarAppUITests.release.xcconfig"; sourceTree = "<group>"; };
		376AFF71AE35CA08258C8AC6 /* Pods-BestStarAppUITests.release.xcconfig */ = {isa = PBXFileReference; includeInIndex = 1; lastKnownFileType = text.xcconfig; name = "Pods-BestStarAppUITests.release.xcconfig"; path = "Target Support Files/Pods-BestStarAppUITests/Pods-BestStarAppUITests.release.xcconfig"; sourceTree = "<group>"; };
		45EC2975F1BA99C0AB040871 /* Pods-BestStarApp.release.xcconfig */ = {isa = PBXFileReference; includeInIndex = 1; lastKnownFileType = text.xcconfig; name = "Pods-BestStarApp.release.xcconfig"; path = "Target Support Files/Pods-BestStarApp/Pods-BestStarApp.release.xcconfig"; sourceTree = "<group>"; };
		75F42AA73F81DAA1DCA83B41 /* Pods-BestStarApp-BestStarAppTests.release.xcconfig */ = {isa = PBXFileReference; includeInIndex = 1; lastKnownFileType = text.xcconfig; name = "Pods-BestStarApp-BestStarAppTests.release.xcconfig"; path = "Target Support Files/Pods-BestStarApp-BestStarAppTests/Pods-BestStarApp-BestStarAppTests.release.xcconfig"; sourceTree = "<group>"; };
		81145F7D6A4C2DE731DEAAB1 /* Pods-BestStarAppUITests.debug.xcconfig */ = {isa = PBXFileReference; includeInIndex = 1; lastKnownFileType = text.xcconfig; name = "Pods-BestStarAppUITests.debug.xcconfig"; path = "Target Support Files/Pods-BestStarAppUITests/Pods-BestStarAppUITests.debug.xcconfig"; sourceTree = "<group>"; };
		95658648A3DB54AB78E0D06F /* Pods-BestStarAppTests.release.xcconfig */ = {isa = PBXFileReference; includeInIndex = 1; lastKnownFileType = text.xcconfig; name = "Pods-BestStarAppTests.release.xcconfig"; path = "Target Support Files/Pods-BestStarAppTests/Pods-BestStarAppTests.release.xcconfig"; sourceTree = "<group>"; };
		99527C34007A93B60BF43782 /* Pods_BestStarAppTests.framework */ = {isa = PBXFileReference; explicitFileType = wrapper.framework; includeInIndex = 0; path = Pods_BestStarAppTests.framework; sourceTree = BUILT_PRODUCTS_DIR; };
		A620EFD9C1010E4868507A76 /* Pods_BestStarApp_BestStarAppUITests.framework */ = {isa = PBXFileReference; explicitFileType = wrapper.framework; includeInIndex = 0; path = Pods_BestStarApp_BestStarAppUITests.framework; sourceTree = BUILT_PRODUCTS_DIR; };
		AA08AE211E6D3313E95497FD /* Pods_BestStarAppUITests.framework */ = {isa = PBXFileReference; explicitFileType = wrapper.framework; includeInIndex = 0; path = Pods_BestStarAppUITests.framework; sourceTree = BUILT_PRODUCTS_DIR; };
		B26EA739232086110066F20B /* BaseWebservice.swift */ = {isa = PBXFileReference; lastKnownFileType = sourcecode.swift; path = BaseWebservice.swift; sourceTree = "<group>"; };
		B26EA73B2320862A0066F20B /* DefaultSessionManager.swift */ = {isa = PBXFileReference; lastKnownFileType = sourcecode.swift; path = DefaultSessionManager.swift; sourceTree = "<group>"; };
		B26EA73D2320863D0066F20B /* HTTPStatusCode.swift */ = {isa = PBXFileReference; lastKnownFileType = sourcecode.swift; path = HTTPStatusCode.swift; sourceTree = "<group>"; };
		B26EA73F232086500066F20B /* ParamsBuilder.swift */ = {isa = PBXFileReference; lastKnownFileType = sourcecode.swift; path = ParamsBuilder.swift; sourceTree = "<group>"; };
		B26EA741232086620066F20B /* HTTPMethod.swift */ = {isa = PBXFileReference; lastKnownFileType = sourcecode.swift; path = HTTPMethod.swift; sourceTree = "<group>"; };
		B26EA743232086750066F20B /* WebserviceError.swift */ = {isa = PBXFileReference; lastKnownFileType = sourcecode.swift; path = WebserviceError.swift; sourceTree = "<group>"; };
		B26EA7452320868A0066F20B /* Webservice.swift */ = {isa = PBXFileReference; lastKnownFileType = sourcecode.swift; path = Webservice.swift; sourceTree = "<group>"; };
		B26EA7482320878E0066F20B /* Environment.swift */ = {isa = PBXFileReference; lastKnownFileType = sourcecode.swift; path = Environment.swift; sourceTree = "<group>"; };
		B26EA74A2320879D0066F20B /* Configuration.swift */ = {isa = PBXFileReference; lastKnownFileType = sourcecode.swift; path = Configuration.swift; sourceTree = "<group>"; };
		B26EA74C232087EF0066F20B /* API.swift */ = {isa = PBXFileReference; lastKnownFileType = sourcecode.swift; path = API.swift; sourceTree = "<group>"; };
		B26EA750232089830066F20B /* RepositoriesResponse.swift */ = {isa = PBXFileReference; lastKnownFileType = sourcecode.swift; path = RepositoriesResponse.swift; sourceTree = "<group>"; };
		B26EA752232089E10066F20B /* Repository.swift */ = {isa = PBXFileReference; lastKnownFileType = sourcecode.swift; path = Repository.swift; sourceTree = "<group>"; };
		B26EA75423208A280066F20B /* Owner.swift */ = {isa = PBXFileReference; lastKnownFileType = sourcecode.swift; path = Owner.swift; sourceTree = "<group>"; };
		B26EA75723208B620066F20B /* RepositoryService.swift */ = {isa = PBXFileReference; lastKnownFileType = sourcecode.swift; path = RepositoryService.swift; sourceTree = "<group>"; };
		B2895B942320AD8F004B1B7E /* Pods_BestStarAppTests.framework */ = {isa = PBXFileReference; explicitFileType = wrapper.framework; path = Pods_BestStarAppTests.framework; sourceTree = BUILT_PRODUCTS_DIR; };
		B2895B962320ADA9004B1B7E /* Pods_BestStarAppUITests.framework */ = {isa = PBXFileReference; explicitFileType = wrapper.framework; path = Pods_BestStarAppUITests.framework; sourceTree = BUILT_PRODUCTS_DIR; };
		B2895B9A2320AE8A004B1B7E /* MockWebservice.swift */ = {isa = PBXFileReference; lastKnownFileType = sourcecode.swift; path = MockWebservice.swift; sourceTree = "<group>"; };
		B2895B9D2320AED5004B1B7E /* RepositorySwift.json */ = {isa = PBXFileReference; lastKnownFileType = text.json; path = RepositorySwift.json; sourceTree = "<group>"; };
		B2895B9F2320AF19004B1B7E /* WebserviceSpec.swift */ = {isa = PBXFileReference; lastKnownFileType = sourcecode.swift; path = WebserviceSpec.swift; sourceTree = "<group>"; };
		B2895BA22320AF9C004B1B7E /* RepositoryWebserviceSpec.swift */ = {isa = PBXFileReference; lastKnownFileType = sourcecode.swift; path = RepositoryWebserviceSpec.swift; sourceTree = "<group>"; };
		B2895BAD2320BE13004B1B7E /* Localizable.strings */ = {isa = PBXFileReference; lastKnownFileType = text.plist.strings; path = Localizable.strings; sourceTree = "<group>"; };
		B2895BAF2320BE4B004B1B7E /* Colors.json */ = {isa = PBXFileReference; lastKnownFileType = text.json; path = Colors.json; sourceTree = "<group>"; };
		B2895BB32320BF9D004B1B7E /* swiftgen.yml */ = {isa = PBXFileReference; fileEncoding = 4; lastKnownFileType = text; path = swiftgen.yml; sourceTree = "<group>"; };
		B2895BB52320BFCF004B1B7E /* Colors.swift */ = {isa = PBXFileReference; fileEncoding = 4; lastKnownFileType = sourcecode.swift; path = Colors.swift; sourceTree = "<group>"; };
		B2895BB62320BFCF004B1B7E /* Assets.swift */ = {isa = PBXFileReference; fileEncoding = 4; lastKnownFileType = sourcecode.swift; path = Assets.swift; sourceTree = "<group>"; };
		B2895BB72320BFCF004B1B7E /* Strings.swift */ = {isa = PBXFileReference; fileEncoding = 4; lastKnownFileType = sourcecode.swift; path = Strings.swift; sourceTree = "<group>"; };
		B2895BB82320BFCF004B1B7E /* Fonts.swift */ = {isa = PBXFileReference; fileEncoding = 4; lastKnownFileType = sourcecode.swift; path = Fonts.swift; sourceTree = "<group>"; };
		B2895BBF2320C005004B1B7E /* RepositoryListViewController.swift */ = {isa = PBXFileReference; lastKnownFileType = sourcecode.swift; path = RepositoryListViewController.swift; sourceTree = "<group>"; };
		B2895BC32320C09F004B1B7E /* UIViewController+Extensions.swift */ = {isa = PBXFileReference; lastKnownFileType = sourcecode.swift; path = "UIViewController+Extensions.swift"; sourceTree = "<group>"; };
		B2895BC52320C168004B1B7E /* Gotham-Black.otf */ = {isa = PBXFileReference; lastKnownFileType = file; path = "Gotham-Black.otf"; sourceTree = "<group>"; };
		B2895BC72320C168004B1B7E /* Gotham-Light.otf */ = {isa = PBXFileReference; lastKnownFileType = file; path = "Gotham-Light.otf"; sourceTree = "<group>"; };
		B2895BD02320C169004B1B7E /* Gotham-BookItalic.otf */ = {isa = PBXFileReference; lastKnownFileType = file; path = "Gotham-BookItalic.otf"; sourceTree = "<group>"; };
		B2895BD12320C169004B1B7E /* Gotham-Thin.otf */ = {isa = PBXFileReference; lastKnownFileType = file; path = "Gotham-Thin.otf"; sourceTree = "<group>"; };
		B2895BD22320C169004B1B7E /* Gotham-Bold.otf */ = {isa = PBXFileReference; lastKnownFileType = file; path = "Gotham-Bold.otf"; sourceTree = "<group>"; };
		B2895BEA2320C303004B1B7E /* CodeViewProtocol.swift */ = {isa = PBXFileReference; lastKnownFileType = sourcecode.swift; path = CodeViewProtocol.swift; sourceTree = "<group>"; };
		B2895BEC2320C479004B1B7E /* UIView+Extensions.swift */ = {isa = PBXFileReference; lastKnownFileType = sourcecode.swift; path = "UIView+Extensions.swift"; sourceTree = "<group>"; };
		B29365EA232076D00046CEBC /* BestStarApp.app */ = {isa = PBXFileReference; explicitFileType = wrapper.application; includeInIndex = 0; path = BestStarApp.app; sourceTree = BUILT_PRODUCTS_DIR; };
		B29365ED232076D00046CEBC /* AppDelegate.swift */ = {isa = PBXFileReference; lastKnownFileType = sourcecode.swift; path = AppDelegate.swift; sourceTree = "<group>"; };
		B29365F4232076D20046CEBC /* Assets.xcassets */ = {isa = PBXFileReference; lastKnownFileType = folder.assetcatalog; path = Assets.xcassets; sourceTree = "<group>"; };
		B29365F7232076D20046CEBC /* Base */ = {isa = PBXFileReference; lastKnownFileType = file.storyboard; name = Base; path = Base.lproj/LaunchScreen.storyboard; sourceTree = "<group>"; };
		B29365F9232076D20046CEBC /* Info.plist */ = {isa = PBXFileReference; lastKnownFileType = text.plist.xml; path = Info.plist; sourceTree = "<group>"; };
		B29365FE232076D20046CEBC /* BestStarAppTests.xctest */ = {isa = PBXFileReference; explicitFileType = wrapper.cfbundle; includeInIndex = 0; path = BestStarAppTests.xctest; sourceTree = BUILT_PRODUCTS_DIR; };
		B2936602232076D20046CEBC /* BestStarAppTests.swift */ = {isa = PBXFileReference; lastKnownFileType = sourcecode.swift; path = BestStarAppTests.swift; sourceTree = "<group>"; };
		B2936604232076D20046CEBC /* Info.plist */ = {isa = PBXFileReference; lastKnownFileType = text.plist.xml; path = Info.plist; sourceTree = "<group>"; };
		B2936609232076D20046CEBC /* BestStarAppUITests.xctest */ = {isa = PBXFileReference; explicitFileType = wrapper.cfbundle; includeInIndex = 0; path = BestStarAppUITests.xctest; sourceTree = BUILT_PRODUCTS_DIR; };
		B293660D232076D20046CEBC /* BestStarAppUITests.swift */ = {isa = PBXFileReference; lastKnownFileType = sourcecode.swift; path = BestStarAppUITests.swift; sourceTree = "<group>"; };
		B293660F232076D20046CEBC /* Info.plist */ = {isa = PBXFileReference; lastKnownFileType = text.plist.xml; path = Info.plist; sourceTree = "<group>"; };
		C3195D6293F63825DDA4B994 /* Pods-BestStarApp-BestStarAppTests.debug.xcconfig */ = {isa = PBXFileReference; includeInIndex = 1; lastKnownFileType = text.xcconfig; name = "Pods-BestStarApp-BestStarAppTests.debug.xcconfig"; path = "Target Support Files/Pods-BestStarApp-BestStarAppTests/Pods-BestStarApp-BestStarAppTests.debug.xcconfig"; sourceTree = "<group>"; };
		CCD59D251B77BE2649FD0086 /* Pods_BestStarApp.framework */ = {isa = PBXFileReference; explicitFileType = wrapper.framework; includeInIndex = 0; path = Pods_BestStarApp.framework; sourceTree = BUILT_PRODUCTS_DIR; };
		CEB35877FD938B31BB71B066 /* Pods-BestStarApp-BestStarAppUITests.debug.xcconfig */ = {isa = PBXFileReference; includeInIndex = 1; lastKnownFileType = text.xcconfig; name = "Pods-BestStarApp-BestStarAppUITests.debug.xcconfig"; path = "Target Support Files/Pods-BestStarApp-BestStarAppUITests/Pods-BestStarApp-BestStarAppUITests.debug.xcconfig"; sourceTree = "<group>"; };
		CF1C32F3AD3571DA9F01E74B /* Pods-BestStarAppTests.debug.xcconfig */ = {isa = PBXFileReference; includeInIndex = 1; lastKnownFileType = text.xcconfig; name = "Pods-BestStarAppTests.debug.xcconfig"; path = "Target Support Files/Pods-BestStarAppTests/Pods-BestStarAppTests.debug.xcconfig"; sourceTree = "<group>"; };
		DF538A0213B1A8481E987B93 /* Pods_BestStarApp_BestStarAppTests.framework */ = {isa = PBXFileReference; explicitFileType = wrapper.framework; includeInIndex = 0; path = Pods_BestStarApp_BestStarAppTests.framework; sourceTree = BUILT_PRODUCTS_DIR; };
		F045339B6AD46036C90D515C /* Pods-BestStarApp.debug.xcconfig */ = {isa = PBXFileReference; includeInIndex = 1; lastKnownFileType = text.xcconfig; name = "Pods-BestStarApp.debug.xcconfig"; path = "Target Support Files/Pods-BestStarApp/Pods-BestStarApp.debug.xcconfig"; sourceTree = "<group>"; };
/* End PBXFileReference section */

/* Begin PBXFrameworksBuildPhase section */
		B29365E7232076D00046CEBC /* Frameworks */ = {
			isa = PBXFrameworksBuildPhase;
			buildActionMask = 2147483647;
			files = (
				6B836FDCBE4D3323C693EB8C /* Pods_BestStarApp.framework in Frameworks */,
			);
			runOnlyForDeploymentPostprocessing = 0;
		};
		B29365FB232076D20046CEBC /* Frameworks */ = {
			isa = PBXFrameworksBuildPhase;
			buildActionMask = 2147483647;
			files = (
				F5EBAD5F32C591140F88465E /* Pods_BestStarAppTests.framework in Frameworks */,
				301C2DA951BAC31FE3C3127A /* Pods_BestStarApp_BestStarAppTests.framework in Frameworks */,
			);
			runOnlyForDeploymentPostprocessing = 0;
		};
		B2936606232076D20046CEBC /* Frameworks */ = {
			isa = PBXFrameworksBuildPhase;
			buildActionMask = 2147483647;
			files = (
				B2895B972320ADA9004B1B7E /* Pods_BestStarAppUITests.framework in Frameworks */,
				5FF701C83B5FF5A1560B2BC6 /* Pods_BestStarApp_BestStarAppUITests.framework in Frameworks */,
			);
			runOnlyForDeploymentPostprocessing = 0;
		};
/* End PBXFrameworksBuildPhase section */

/* Begin PBXGroup section */
		5ABD95FFCEAEE45F915BC43F /* Frameworks */ = {
			isa = PBXGroup;
			children = (
				B2895B962320ADA9004B1B7E /* Pods_BestStarAppUITests.framework */,
				B2895B942320AD8F004B1B7E /* Pods_BestStarAppTests.framework */,
				CCD59D251B77BE2649FD0086 /* Pods_BestStarApp.framework */,
				99527C34007A93B60BF43782 /* Pods_BestStarAppTests.framework */,
				AA08AE211E6D3313E95497FD /* Pods_BestStarAppUITests.framework */,
				DF538A0213B1A8481E987B93 /* Pods_BestStarApp_BestStarAppTests.framework */,
				A620EFD9C1010E4868507A76 /* Pods_BestStarApp_BestStarAppUITests.framework */,
			);
			name = Frameworks;
			sourceTree = "<group>";
		};
		6143D3E99A680787E4738230 /* Pods */ = {
			isa = PBXGroup;
			children = (
				F045339B6AD46036C90D515C /* Pods-BestStarApp.debug.xcconfig */,
				45EC2975F1BA99C0AB040871 /* Pods-BestStarApp.release.xcconfig */,
				CF1C32F3AD3571DA9F01E74B /* Pods-BestStarAppTests.debug.xcconfig */,
				95658648A3DB54AB78E0D06F /* Pods-BestStarAppTests.release.xcconfig */,
				81145F7D6A4C2DE731DEAAB1 /* Pods-BestStarAppUITests.debug.xcconfig */,
				376AFF71AE35CA08258C8AC6 /* Pods-BestStarAppUITests.release.xcconfig */,
				C3195D6293F63825DDA4B994 /* Pods-BestStarApp-BestStarAppTests.debug.xcconfig */,
				75F42AA73F81DAA1DCA83B41 /* Pods-BestStarApp-BestStarAppTests.release.xcconfig */,
				CEB35877FD938B31BB71B066 /* Pods-BestStarApp-BestStarAppUITests.debug.xcconfig */,
				1EE5C26BD71CA9423B84D186 /* Pods-BestStarApp-BestStarAppUITests.release.xcconfig */,
			);
			path = Pods;
			sourceTree = "<group>";
		};
		B26EA738232085F40066F20B /* Network */ = {
			isa = PBXGroup;
			children = (
				B26EA739232086110066F20B /* BaseWebservice.swift */,
				B26EA73B2320862A0066F20B /* DefaultSessionManager.swift */,
				B26EA73D2320863D0066F20B /* HTTPStatusCode.swift */,
				B26EA73F232086500066F20B /* ParamsBuilder.swift */,
				B26EA741232086620066F20B /* HTTPMethod.swift */,
				B26EA743232086750066F20B /* WebserviceError.swift */,
				B26EA7452320868A0066F20B /* Webservice.swift */,
			);
			path = Network;
			sourceTree = "<group>";
		};
		B26EA747232087840066F20B /* Environment */ = {
			isa = PBXGroup;
			children = (
				B26EA7482320878E0066F20B /* Environment.swift */,
				B26EA74A2320879D0066F20B /* Configuration.swift */,
				B26EA74C232087EF0066F20B /* API.swift */,
			);
			path = Environment;
			sourceTree = "<group>";
		};
		B26EA74E232088AA0066F20B /* Services */ = {
			isa = PBXGroup;
			children = (
				B26EA75723208B620066F20B /* RepositoryService.swift */,
			);
			path = Services;
			sourceTree = "<group>";
		};
		B26EA74F232089630066F20B /* Model */ = {
			isa = PBXGroup;
			children = (
				B26EA750232089830066F20B /* RepositoriesResponse.swift */,
				B26EA752232089E10066F20B /* Repository.swift */,
				B26EA75423208A280066F20B /* Owner.swift */,
			);
			path = Model;
			sourceTree = "<group>";
		};
		B2895B982320AE77004B1B7E /* Network */ = {
			isa = PBXGroup;
			children = (
				B2895BA12320AF87004B1B7E /* Repository */,
				B2895B9C2320AEAF004B1B7E /* JSON */,
				B2895B992320AE7F004B1B7E /* Utils */,
				B2895B9F2320AF19004B1B7E /* WebserviceSpec.swift */,
			);
			path = Network;
			sourceTree = "<group>";
		};
		B2895B992320AE7F004B1B7E /* Utils */ = {
			isa = PBXGroup;
			children = (
				B2895B9A2320AE8A004B1B7E /* MockWebservice.swift */,
			);
			path = Utils;
			sourceTree = "<group>";
		};
		B2895B9C2320AEAF004B1B7E /* JSON */ = {
			isa = PBXGroup;
			children = (
				B2895B9D2320AED5004B1B7E /* RepositorySwift.json */,
			);
			path = JSON;
			sourceTree = "<group>";
		};
		B2895BA12320AF87004B1B7E /* Repository */ = {
			isa = PBXGroup;
			children = (
				B2895BA22320AF9C004B1B7E /* RepositoryWebserviceSpec.swift */,
			);
			path = Repository;
			sourceTree = "<group>";
		};
		B2895BA72320BDD7004B1B7E /* Resources */ = {
			isa = PBXGroup;
			children = (
				B2895BAC2320BE00004B1B7E /* String */,
				B2895BAB2320BDFB004B1B7E /* Colors */,
				B2895BAA2320BDF4004B1B7E /* Fonts */,
				B2895BA92320BDEE004B1B7E /* JSON */,
				B2895BA82320BDE8004B1B7E /* Generated */,
				B29365F4232076D20046CEBC /* Assets.xcassets */,
			);
			path = Resources;
			sourceTree = "<group>";
		};
		B2895BA82320BDE8004B1B7E /* Generated */ = {
			isa = PBXGroup;
			children = (
				B2895BB62320BFCF004B1B7E /* Assets.swift */,
				B2895BB52320BFCF004B1B7E /* Colors.swift */,
				B2895BB82320BFCF004B1B7E /* Fonts.swift */,
				B2895BB72320BFCF004B1B7E /* Strings.swift */,
			);
			path = Generated;
			sourceTree = "<group>";
		};
		B2895BA92320BDEE004B1B7E /* JSON */ = {
			isa = PBXGroup;
			children = (
			);
			path = JSON;
			sourceTree = "<group>";
		};
		B2895BAA2320BDF4004B1B7E /* Fonts */ = {
			isa = PBXGroup;
			children = (
				B2895BC52320C168004B1B7E /* Gotham-Black.otf */,
				B2895BD22320C169004B1B7E /* Gotham-Bold.otf */,
				B2895BD02320C169004B1B7E /* Gotham-BookItalic.otf */,
				B2895BC72320C168004B1B7E /* Gotham-Light.otf */,
				B2895BD12320C169004B1B7E /* Gotham-Thin.otf */,
			);
			path = Fonts;
			sourceTree = "<group>";
		};
		B2895BAB2320BDFB004B1B7E /* Colors */ = {
			isa = PBXGroup;
			children = (
				B2895BAF2320BE4B004B1B7E /* Colors.json */,
			);
			path = Colors;
			sourceTree = "<group>";
		};
		B2895BAC2320BE00004B1B7E /* String */ = {
			isa = PBXGroup;
			children = (
				B2895BAD2320BE13004B1B7E /* Localizable.strings */,
			);
			path = String;
			sourceTree = "<group>";
		};
		B2895BB22320BF85004B1B7E /* Config */ = {
			isa = PBXGroup;
			children = (
				B2895BB32320BF9D004B1B7E /* swiftgen.yml */,
			);
			path = Config;
			sourceTree = "<group>";
		};
		B2895BBE2320BFF9004B1B7E /* Controller */ = {
			isa = PBXGroup;
			children = (
				B2895BBF2320C005004B1B7E /* RepositoryListViewController.swift */,
			);
			path = Controller;
			sourceTree = "<group>";
		};
		B2895BC12320C083004B1B7E /* Commons */ = {
			isa = PBXGroup;
			children = (
				B2895BE92320C2F5004B1B7E /* Utils */,
				B2895BC22320C092004B1B7E /* Extensions */,
			);
			path = Commons;
			sourceTree = "<group>";
		};
		B2895BC22320C092004B1B7E /* Extensions */ = {
			isa = PBXGroup;
			children = (
				B2895BC32320C09F004B1B7E /* UIViewController+Extensions.swift */,
				B2895BEC2320C479004B1B7E /* UIView+Extensions.swift */,
			);
			path = Extensions;
			sourceTree = "<group>";
		};
		B2895BE92320C2F5004B1B7E /* Utils */ = {
			isa = PBXGroup;
			children = (
				B2895BEA2320C303004B1B7E /* CodeViewProtocol.swift */,
			);
			path = Utils;
			sourceTree = "<group>";
		};
		B29365E1232076D00046CEBC = {
			isa = PBXGroup;
			children = (
				B29365EC232076D00046CEBC /* BestStarApp */,
				B2936601232076D20046CEBC /* BestStarAppTests */,
				B293660C232076D20046CEBC /* BestStarAppUITests */,
				B2895BB22320BF85004B1B7E /* Config */,
				B29365EB232076D00046CEBC /* Products */,
				6143D3E99A680787E4738230 /* Pods */,
				5ABD95FFCEAEE45F915BC43F /* Frameworks */,
			);
			sourceTree = "<group>";
		};
		B29365EB232076D00046CEBC /* Products */ = {
			isa = PBXGroup;
			children = (
				B29365EA232076D00046CEBC /* BestStarApp.app */,
				B29365FE232076D20046CEBC /* BestStarAppTests.xctest */,
				B2936609232076D20046CEBC /* BestStarAppUITests.xctest */,
			);
			name = Products;
			sourceTree = "<group>";
		};
		B29365EC232076D00046CEBC /* BestStarApp */ = {
			isa = PBXGroup;
			children = (
				B2895BC12320C083004B1B7E /* Commons */,
				B2895BBE2320BFF9004B1B7E /* Controller */,
				B2895BA72320BDD7004B1B7E /* Resources */,
				B26EA74F232089630066F20B /* Model */,
				B26EA74E232088AA0066F20B /* Services */,
				B26EA747232087840066F20B /* Environment */,
				B26EA738232085F40066F20B /* Network */,
				B29365ED232076D00046CEBC /* AppDelegate.swift */,
				B29365F6232076D20046CEBC /* LaunchScreen.storyboard */,
				B29365F9232076D20046CEBC /* Info.plist */,
			);
			path = BestStarApp;
			sourceTree = "<group>";
		};
		B2936601232076D20046CEBC /* BestStarAppTests */ = {
			isa = PBXGroup;
			children = (
				B2895B982320AE77004B1B7E /* Network */,
				B2936602232076D20046CEBC /* BestStarAppTests.swift */,
				B2936604232076D20046CEBC /* Info.plist */,
			);
			path = BestStarAppTests;
			sourceTree = "<group>";
		};
		B293660C232076D20046CEBC /* BestStarAppUITests */ = {
			isa = PBXGroup;
			children = (
				B293660D232076D20046CEBC /* BestStarAppUITests.swift */,
				B293660F232076D20046CEBC /* Info.plist */,
			);
			path = BestStarAppUITests;
			sourceTree = "<group>";
		};
/* End PBXGroup section */

/* Begin PBXNativeTarget section */
		B29365E9232076D00046CEBC /* BestStarApp */ = {
			isa = PBXNativeTarget;
			buildConfigurationList = B2936612232076D20046CEBC /* Build configuration list for PBXNativeTarget "BestStarApp" */;
			buildPhases = (
				FE4E9E7235C68C1292A0ACBF /* [CP] Check Pods Manifest.lock */,
				B29365E6232076D00046CEBC /* Sources */,
				B29365E7232076D00046CEBC /* Frameworks */,
				B29365E8232076D00046CEBC /* Resources */,
				EA2D092B972D150432295925 /* [CP] Embed Pods Frameworks */,
				B2895BB12320BF67004B1B7E /* SwiftGen */,
			);
			buildRules = (
			);
			dependencies = (
			);
			name = BestStarApp;
			productName = BestStarApp;
			productReference = B29365EA232076D00046CEBC /* BestStarApp.app */;
			productType = "com.apple.product-type.application";
		};
		B29365FD232076D20046CEBC /* BestStarAppTests */ = {
			isa = PBXNativeTarget;
			buildConfigurationList = B2936615232076D20046CEBC /* Build configuration list for PBXNativeTarget "BestStarAppTests" */;
			buildPhases = (
				7BD0160CCF42140DED2E4DA7 /* [CP] Check Pods Manifest.lock */,
				B29365FA232076D20046CEBC /* Sources */,
				B29365FB232076D20046CEBC /* Frameworks */,
				B29365FC232076D20046CEBC /* Resources */,
				AFB7D25E6F89BBD9CB13491D /* [CP] Embed Pods Frameworks */,
			);
			buildRules = (
			);
			dependencies = (
				B2936600232076D20046CEBC /* PBXTargetDependency */,
			);
			name = BestStarAppTests;
			productName = BestStarAppTests;
			productReference = B29365FE232076D20046CEBC /* BestStarAppTests.xctest */;
			productType = "com.apple.product-type.bundle.unit-test";
		};
		B2936608232076D20046CEBC /* BestStarAppUITests */ = {
			isa = PBXNativeTarget;
			buildConfigurationList = B2936618232076D20046CEBC /* Build configuration list for PBXNativeTarget "BestStarAppUITests" */;
			buildPhases = (
				4F5CA14E621E797FEE30CBBF /* [CP] Check Pods Manifest.lock */,
				B2936605232076D20046CEBC /* Sources */,
				B2936606232076D20046CEBC /* Frameworks */,
				B2936607232076D20046CEBC /* Resources */,
				1A5528D34EC7B0377BFEB69F /* [CP] Embed Pods Frameworks */,
			);
			buildRules = (
			);
			dependencies = (
				B293660B232076D20046CEBC /* PBXTargetDependency */,
			);
			name = BestStarAppUITests;
			productName = BestStarAppUITests;
			productReference = B2936609232076D20046CEBC /* BestStarAppUITests.xctest */;
			productType = "com.apple.product-type.bundle.ui-testing";
		};
/* End PBXNativeTarget section */

/* Begin PBXProject section */
		B29365E2232076D00046CEBC /* Project object */ = {
			isa = PBXProject;
			attributes = {
				LastSwiftUpdateCheck = 1020;
				LastUpgradeCheck = 1020;
				ORGANIZATIONNAME = "Marco Marques";
				TargetAttributes = {
					B29365E9232076D00046CEBC = {
						CreatedOnToolsVersion = 10.2.1;
					};
					B29365FD232076D20046CEBC = {
						CreatedOnToolsVersion = 10.2.1;
						TestTargetID = B29365E9232076D00046CEBC;
					};
					B2936608232076D20046CEBC = {
						CreatedOnToolsVersion = 10.2.1;
						TestTargetID = B29365E9232076D00046CEBC;
					};
				};
			};
			buildConfigurationList = B29365E5232076D00046CEBC /* Build configuration list for PBXProject "BestStarApp" */;
			compatibilityVersion = "Xcode 9.3";
			developmentRegion = en;
			hasScannedForEncodings = 0;
			knownRegions = (
				en,
				Base,
			);
			mainGroup = B29365E1232076D00046CEBC;
			productRefGroup = B29365EB232076D00046CEBC /* Products */;
			projectDirPath = "";
			projectRoot = "";
			targets = (
				B29365E9232076D00046CEBC /* BestStarApp */,
				B29365FD232076D20046CEBC /* BestStarAppTests */,
				B2936608232076D20046CEBC /* BestStarAppUITests */,
			);
		};
/* End PBXProject section */

/* Begin PBXResourcesBuildPhase section */
		B29365E8232076D00046CEBC /* Resources */ = {
			isa = PBXResourcesBuildPhase;
			buildActionMask = 2147483647;
			files = (
				B29365F8232076D20046CEBC /* LaunchScreen.storyboard in Resources */,
				B2895BB02320BE4B004B1B7E /* Colors.json in Resources */,
				B2895BAE2320BE13004B1B7E /* Localizable.strings in Resources */,
				B29365F5232076D20046CEBC /* Assets.xcassets in Resources */,
				B2895BB42320BF9D004B1B7E /* swiftgen.yml in Resources */,
			);
			runOnlyForDeploymentPostprocessing = 0;
		};
		B29365FC232076D20046CEBC /* Resources */ = {
			isa = PBXResourcesBuildPhase;
			buildActionMask = 2147483647;
			files = (
				B2895B9E2320AED5004B1B7E /* RepositorySwift.json in Resources */,
			);
			runOnlyForDeploymentPostprocessing = 0;
		};
		B2936607232076D20046CEBC /* Resources */ = {
			isa = PBXResourcesBuildPhase;
			buildActionMask = 2147483647;
			files = (
			);
			runOnlyForDeploymentPostprocessing = 0;
		};
/* End PBXResourcesBuildPhase section */

/* Begin PBXShellScriptBuildPhase section */
		1A5528D34EC7B0377BFEB69F /* [CP] Embed Pods Frameworks */ = {
			isa = PBXShellScriptBuildPhase;
			buildActionMask = 2147483647;
			files = (
			);
			inputFileListPaths = (
			);
			inputPaths = (
				"${PODS_ROOT}/Target Support Files/Pods-BestStarApp-BestStarAppUITests/Pods-BestStarApp-BestStarAppUITests-frameworks.sh",
				"${BUILT_PRODUCTS_DIR}/Alamofire/Alamofire.framework",
			);
			name = "[CP] Embed Pods Frameworks";
			outputFileListPaths = (
			);
			outputPaths = (
				"${TARGET_BUILD_DIR}/${FRAMEWORKS_FOLDER_PATH}/Alamofire.framework",
			);
			runOnlyForDeploymentPostprocessing = 0;
			shellPath = /bin/sh;
			shellScript = "\"${PODS_ROOT}/Target Support Files/Pods-BestStarApp-BestStarAppUITests/Pods-BestStarApp-BestStarAppUITests-frameworks.sh\"\n";
			showEnvVarsInLog = 0;
		};
		4F5CA14E621E797FEE30CBBF /* [CP] Check Pods Manifest.lock */ = {
			isa = PBXShellScriptBuildPhase;
			buildActionMask = 2147483647;
			files = (
			);
			inputFileListPaths = (
			);
			inputPaths = (
				"${PODS_PODFILE_DIR_PATH}/Podfile.lock",
				"${PODS_ROOT}/Manifest.lock",
			);
			name = "[CP] Check Pods Manifest.lock";
			outputFileListPaths = (
			);
			outputPaths = (
				"$(DERIVED_FILE_DIR)/Pods-BestStarApp-BestStarAppUITests-checkManifestLockResult.txt",
			);
			runOnlyForDeploymentPostprocessing = 0;
			shellPath = /bin/sh;
			shellScript = "diff \"${PODS_PODFILE_DIR_PATH}/Podfile.lock\" \"${PODS_ROOT}/Manifest.lock\" > /dev/null\nif [ $? != 0 ] ; then\n    # print error to STDERR\n    echo \"error: The sandbox is not in sync with the Podfile.lock. Run 'pod install' or update your CocoaPods installation.\" >&2\n    exit 1\nfi\n# This output is used by Xcode 'outputs' to avoid re-running this script phase.\necho \"SUCCESS\" > \"${SCRIPT_OUTPUT_FILE_0}\"\n";
			showEnvVarsInLog = 0;
		};
		7BD0160CCF42140DED2E4DA7 /* [CP] Check Pods Manifest.lock */ = {
			isa = PBXShellScriptBuildPhase;
			buildActionMask = 2147483647;
			files = (
			);
			inputFileListPaths = (
			);
			inputPaths = (
				"${PODS_PODFILE_DIR_PATH}/Podfile.lock",
				"${PODS_ROOT}/Manifest.lock",
			);
			name = "[CP] Check Pods Manifest.lock";
			outputFileListPaths = (
			);
			outputPaths = (
				"$(DERIVED_FILE_DIR)/Pods-BestStarApp-BestStarAppTests-checkManifestLockResult.txt",
			);
			runOnlyForDeploymentPostprocessing = 0;
			shellPath = /bin/sh;
			shellScript = "diff \"${PODS_PODFILE_DIR_PATH}/Podfile.lock\" \"${PODS_ROOT}/Manifest.lock\" > /dev/null\nif [ $? != 0 ] ; then\n    # print error to STDERR\n    echo \"error: The sandbox is not in sync with the Podfile.lock. Run 'pod install' or update your CocoaPods installation.\" >&2\n    exit 1\nfi\n# This output is used by Xcode 'outputs' to avoid re-running this script phase.\necho \"SUCCESS\" > \"${SCRIPT_OUTPUT_FILE_0}\"\n";
			showEnvVarsInLog = 0;
		};
		AFB7D25E6F89BBD9CB13491D /* [CP] Embed Pods Frameworks */ = {
			isa = PBXShellScriptBuildPhase;
			buildActionMask = 2147483647;
			files = (
			);
			inputFileListPaths = (
			);
			inputPaths = (
				"${PODS_ROOT}/Target Support Files/Pods-BestStarApp-BestStarAppTests/Pods-BestStarApp-BestStarAppTests-frameworks.sh",
				"${BUILT_PRODUCTS_DIR}/Alamofire/Alamofire.framework",
				"${BUILT_PRODUCTS_DIR}/Nimble/Nimble.framework",
				"${BUILT_PRODUCTS_DIR}/OHHTTPStubs/OHHTTPStubs.framework",
				"${BUILT_PRODUCTS_DIR}/Quick/Quick.framework",
			);
			name = "[CP] Embed Pods Frameworks";
			outputFileListPaths = (
			);
			outputPaths = (
				"${TARGET_BUILD_DIR}/${FRAMEWORKS_FOLDER_PATH}/Alamofire.framework",
				"${TARGET_BUILD_DIR}/${FRAMEWORKS_FOLDER_PATH}/Nimble.framework",
				"${TARGET_BUILD_DIR}/${FRAMEWORKS_FOLDER_PATH}/OHHTTPStubs.framework",
				"${TARGET_BUILD_DIR}/${FRAMEWORKS_FOLDER_PATH}/Quick.framework",
			);
			runOnlyForDeploymentPostprocessing = 0;
			shellPath = /bin/sh;
			shellScript = "\"${PODS_ROOT}/Target Support Files/Pods-BestStarApp-BestStarAppTests/Pods-BestStarApp-BestStarAppTests-frameworks.sh\"\n";
			showEnvVarsInLog = 0;
		};
		B2895BB12320BF67004B1B7E /* SwiftGen */ = {
			isa = PBXShellScriptBuildPhase;
			buildActionMask = 2147483647;
			files = (
			);
			inputFileListPaths = (
			);
			inputPaths = (
			);
			name = SwiftGen;
			outputFileListPaths = (
			);
			outputPaths = (
			);
			runOnlyForDeploymentPostprocessing = 0;
			shellPath = /bin/sh;
			shellScript = "$PODS_ROOT/SwiftGen/bin/swiftgen config run --config Config/swiftgen.yml    \n";
		};
		EA2D092B972D150432295925 /* [CP] Embed Pods Frameworks */ = {
			isa = PBXShellScriptBuildPhase;
			buildActionMask = 2147483647;
			files = (
			);
			inputFileListPaths = (
			);
			inputPaths = (
				"${PODS_ROOT}/Target Support Files/Pods-BestStarApp/Pods-BestStarApp-frameworks.sh",
				"${BUILT_PRODUCTS_DIR}/Alamofire/Alamofire.framework",
			);
			name = "[CP] Embed Pods Frameworks";
			outputFileListPaths = (
			);
			outputPaths = (
				"${TARGET_BUILD_DIR}/${FRAMEWORKS_FOLDER_PATH}/Alamofire.framework",
			);
			runOnlyForDeploymentPostprocessing = 0;
			shellPath = /bin/sh;
			shellScript = "\"${PODS_ROOT}/Target Support Files/Pods-BestStarApp/Pods-BestStarApp-frameworks.sh\"\n";
			showEnvVarsInLog = 0;
		};
		FE4E9E7235C68C1292A0ACBF /* [CP] Check Pods Manifest.lock */ = {
			isa = PBXShellScriptBuildPhase;
			buildActionMask = 2147483647;
			files = (
			);
			inputFileListPaths = (
			);
			inputPaths = (
				"${PODS_PODFILE_DIR_PATH}/Podfile.lock",
				"${PODS_ROOT}/Manifest.lock",
			);
			name = "[CP] Check Pods Manifest.lock";
			outputFileListPaths = (
			);
			outputPaths = (
				"$(DERIVED_FILE_DIR)/Pods-BestStarApp-checkManifestLockResult.txt",
			);
			runOnlyForDeploymentPostprocessing = 0;
			shellPath = /bin/sh;
			shellScript = "diff \"${PODS_PODFILE_DIR_PATH}/Podfile.lock\" \"${PODS_ROOT}/Manifest.lock\" > /dev/null\nif [ $? != 0 ] ; then\n    # print error to STDERR\n    echo \"error: The sandbox is not in sync with the Podfile.lock. Run 'pod install' or update your CocoaPods installation.\" >&2\n    exit 1\nfi\n# This output is used by Xcode 'outputs' to avoid re-running this script phase.\necho \"SUCCESS\" > \"${SCRIPT_OUTPUT_FILE_0}\"\n";
			showEnvVarsInLog = 0;
		};
/* End PBXShellScriptBuildPhase section */

/* Begin PBXSourcesBuildPhase section */
		B29365E6232076D00046CEBC /* Sources */ = {
			isa = PBXSourcesBuildPhase;
			buildActionMask = 2147483647;
			files = (
				B2895BD72320C17C004B1B7E /* Gotham-Black.otf in Sources */,
				B2895BD82320C17C004B1B7E /* Gotham-Bold.otf in Sources */,
				B2895BD92320C17C004B1B7E /* Gotham-BookItalic.otf in Sources */,
				B2895BDA2320C17C004B1B7E /* Gotham-Light.otf in Sources */,
				B2895BDB2320C17C004B1B7E /* Gotham-Thin.otf in Sources */,
				B26EA73E2320863D0066F20B /* HTTPStatusCode.swift in Sources */,
				B26EA744232086750066F20B /* WebserviceError.swift in Sources */,
				B2895BB92320BFCF004B1B7E /* Colors.swift in Sources */,
				B26EA75823208B620066F20B /* RepositoryService.swift in Sources */,
				B2895BBB2320BFCF004B1B7E /* Strings.swift in Sources */,
				B2895BC42320C09F004B1B7E /* UIViewController+Extensions.swift in Sources */,
				B26EA742232086620066F20B /* HTTPMethod.swift in Sources */,
				B26EA73A232086110066F20B /* BaseWebservice.swift in Sources */,
				B26EA73C2320862A0066F20B /* DefaultSessionManager.swift in Sources */,
				B2895BED2320C479004B1B7E /* UIView+Extensions.swift in Sources */,
				B2895BBA2320BFCF004B1B7E /* Assets.swift in Sources */,
				B29365EE232076D00046CEBC /* AppDelegate.swift in Sources */,
				B26EA753232089E10066F20B /* Repository.swift in Sources */,
				B26EA740232086500066F20B /* ParamsBuilder.swift in Sources */,
				B26EA7462320868A0066F20B /* Webservice.swift in Sources */,
				B2895BC02320C005004B1B7E /* RepositoryListViewController.swift in Sources */,
				B2895BEB2320C303004B1B7E /* CodeViewProtocol.swift in Sources */,
				B26EA7492320878E0066F20B /* Environment.swift in Sources */,
				B26EA751232089830066F20B /* RepositoriesResponse.swift in Sources */,
				B2895BBC2320BFCF004B1B7E /* Fonts.swift in Sources */,
				B26EA74D232087EF0066F20B /* API.swift in Sources */,
				B26EA75523208A280066F20B /* Owner.swift in Sources */,
				B26EA74B2320879D0066F20B /* Configuration.swift in Sources */,
			);
			runOnlyForDeploymentPostprocessing = 0;
		};
		B29365FA232076D20046CEBC /* Sources */ = {
			isa = PBXSourcesBuildPhase;
			buildActionMask = 2147483647;
			files = (
				B2895B9B2320AE8A004B1B7E /* MockWebservice.swift in Sources */,
				B2936603232076D20046CEBC /* BestStarAppTests.swift in Sources */,
				B2895BA02320AF19004B1B7E /* WebserviceSpec.swift in Sources */,
				B2895BA32320AF9C004B1B7E /* RepositoryWebserviceSpec.swift in Sources */,
			);
			runOnlyForDeploymentPostprocessing = 0;
		};
		B2936605232076D20046CEBC /* Sources */ = {
			isa = PBXSourcesBuildPhase;
			buildActionMask = 2147483647;
			files = (
				B293660E232076D20046CEBC /* BestStarAppUITests.swift in Sources */,
			);
			runOnlyForDeploymentPostprocessing = 0;
		};
/* End PBXSourcesBuildPhase section */

/* Begin PBXTargetDependency section */
		B2936600232076D20046CEBC /* PBXTargetDependency */ = {
			isa = PBXTargetDependency;
			target = B29365E9232076D00046CEBC /* BestStarApp */;
			targetProxy = B29365FF232076D20046CEBC /* PBXContainerItemProxy */;
		};
		B293660B232076D20046CEBC /* PBXTargetDependency */ = {
			isa = PBXTargetDependency;
			target = B29365E9232076D00046CEBC /* BestStarApp */;
			targetProxy = B293660A232076D20046CEBC /* PBXContainerItemProxy */;
		};
/* End PBXTargetDependency section */

/* Begin PBXVariantGroup section */
		B29365F6232076D20046CEBC /* LaunchScreen.storyboard */ = {
			isa = PBXVariantGroup;
			children = (
				B29365F7232076D20046CEBC /* Base */,
			);
			name = LaunchScreen.storyboard;
			sourceTree = "<group>";
		};
/* End PBXVariantGroup section */

/* Begin XCBuildConfiguration section */
		B2936610232076D20046CEBC /* Debug */ = {
			isa = XCBuildConfiguration;
			buildSettings = {
				ALWAYS_SEARCH_USER_PATHS = NO;
				CLANG_ANALYZER_NONNULL = YES;
				CLANG_ANALYZER_NUMBER_OBJECT_CONVERSION = YES_AGGRESSIVE;
				CLANG_CXX_LANGUAGE_STANDARD = "gnu++14";
				CLANG_CXX_LIBRARY = "libc++";
				CLANG_ENABLE_MODULES = YES;
				CLANG_ENABLE_OBJC_ARC = YES;
				CLANG_ENABLE_OBJC_WEAK = YES;
				CLANG_WARN_BLOCK_CAPTURE_AUTORELEASING = YES;
				CLANG_WARN_BOOL_CONVERSION = YES;
				CLANG_WARN_COMMA = YES;
				CLANG_WARN_CONSTANT_CONVERSION = YES;
				CLANG_WARN_DEPRECATED_OBJC_IMPLEMENTATIONS = YES;
				CLANG_WARN_DIRECT_OBJC_ISA_USAGE = YES_ERROR;
				CLANG_WARN_DOCUMENTATION_COMMENTS = YES;
				CLANG_WARN_EMPTY_BODY = YES;
				CLANG_WARN_ENUM_CONVERSION = YES;
				CLANG_WARN_INFINITE_RECURSION = YES;
				CLANG_WARN_INT_CONVERSION = YES;
				CLANG_WARN_NON_LITERAL_NULL_CONVERSION = YES;
				CLANG_WARN_OBJC_IMPLICIT_RETAIN_SELF = YES;
				CLANG_WARN_OBJC_LITERAL_CONVERSION = YES;
				CLANG_WARN_OBJC_ROOT_CLASS = YES_ERROR;
				CLANG_WARN_RANGE_LOOP_ANALYSIS = YES;
				CLANG_WARN_STRICT_PROTOTYPES = YES;
				CLANG_WARN_SUSPICIOUS_MOVE = YES;
				CLANG_WARN_UNGUARDED_AVAILABILITY = YES_AGGRESSIVE;
				CLANG_WARN_UNREACHABLE_CODE = YES;
				CLANG_WARN__DUPLICATE_METHOD_MATCH = YES;
				CODE_SIGN_IDENTITY = "iPhone Developer";
				COPY_PHASE_STRIP = NO;
				DEBUG_INFORMATION_FORMAT = dwarf;
				ENABLE_STRICT_OBJC_MSGSEND = YES;
				ENABLE_TESTABILITY = YES;
				GCC_C_LANGUAGE_STANDARD = gnu11;
				GCC_DYNAMIC_NO_PIC = NO;
				GCC_NO_COMMON_BLOCKS = YES;
				GCC_OPTIMIZATION_LEVEL = 0;
				GCC_PREPROCESSOR_DEFINITIONS = (
					"DEBUG=1",
					"$(inherited)",
				);
				GCC_WARN_64_TO_32_BIT_CONVERSION = YES;
				GCC_WARN_ABOUT_RETURN_TYPE = YES_ERROR;
				GCC_WARN_UNDECLARED_SELECTOR = YES;
				GCC_WARN_UNINITIALIZED_AUTOS = YES_AGGRESSIVE;
				GCC_WARN_UNUSED_FUNCTION = YES;
				GCC_WARN_UNUSED_VARIABLE = YES;
				IPHONEOS_DEPLOYMENT_TARGET = 12.2;
				MTL_ENABLE_DEBUG_INFO = INCLUDE_SOURCE;
				MTL_FAST_MATH = YES;
				ONLY_ACTIVE_ARCH = YES;
				SDKROOT = iphoneos;
				SWIFT_ACTIVE_COMPILATION_CONDITIONS = DEBUG;
				SWIFT_OPTIMIZATION_LEVEL = "-Onone";
			};
			name = Debug;
		};
		B2936611232076D20046CEBC /* Release */ = {
			isa = XCBuildConfiguration;
			buildSettings = {
				ALWAYS_SEARCH_USER_PATHS = NO;
				CLANG_ANALYZER_NONNULL = YES;
				CLANG_ANALYZER_NUMBER_OBJECT_CONVERSION = YES_AGGRESSIVE;
				CLANG_CXX_LANGUAGE_STANDARD = "gnu++14";
				CLANG_CXX_LIBRARY = "libc++";
				CLANG_ENABLE_MODULES = YES;
				CLANG_ENABLE_OBJC_ARC = YES;
				CLANG_ENABLE_OBJC_WEAK = YES;
				CLANG_WARN_BLOCK_CAPTURE_AUTORELEASING = YES;
				CLANG_WARN_BOOL_CONVERSION = YES;
				CLANG_WARN_COMMA = YES;
				CLANG_WARN_CONSTANT_CONVERSION = YES;
				CLANG_WARN_DEPRECATED_OBJC_IMPLEMENTATIONS = YES;
				CLANG_WARN_DIRECT_OBJC_ISA_USAGE = YES_ERROR;
				CLANG_WARN_DOCUMENTATION_COMMENTS = YES;
				CLANG_WARN_EMPTY_BODY = YES;
				CLANG_WARN_ENUM_CONVERSION = YES;
				CLANG_WARN_INFINITE_RECURSION = YES;
				CLANG_WARN_INT_CONVERSION = YES;
				CLANG_WARN_NON_LITERAL_NULL_CONVERSION = YES;
				CLANG_WARN_OBJC_IMPLICIT_RETAIN_SELF = YES;
				CLANG_WARN_OBJC_LITERAL_CONVERSION = YES;
				CLANG_WARN_OBJC_ROOT_CLASS = YES_ERROR;
				CLANG_WARN_RANGE_LOOP_ANALYSIS = YES;
				CLANG_WARN_STRICT_PROTOTYPES = YES;
				CLANG_WARN_SUSPICIOUS_MOVE = YES;
				CLANG_WARN_UNGUARDED_AVAILABILITY = YES_AGGRESSIVE;
				CLANG_WARN_UNREACHABLE_CODE = YES;
				CLANG_WARN__DUPLICATE_METHOD_MATCH = YES;
				CODE_SIGN_IDENTITY = "iPhone Developer";
				COPY_PHASE_STRIP = NO;
				DEBUG_INFORMATION_FORMAT = "dwarf-with-dsym";
				ENABLE_NS_ASSERTIONS = NO;
				ENABLE_STRICT_OBJC_MSGSEND = YES;
				GCC_C_LANGUAGE_STANDARD = gnu11;
				GCC_NO_COMMON_BLOCKS = YES;
				GCC_WARN_64_TO_32_BIT_CONVERSION = YES;
				GCC_WARN_ABOUT_RETURN_TYPE = YES_ERROR;
				GCC_WARN_UNDECLARED_SELECTOR = YES;
				GCC_WARN_UNINITIALIZED_AUTOS = YES_AGGRESSIVE;
				GCC_WARN_UNUSED_FUNCTION = YES;
				GCC_WARN_UNUSED_VARIABLE = YES;
				IPHONEOS_DEPLOYMENT_TARGET = 12.2;
				MTL_ENABLE_DEBUG_INFO = NO;
				MTL_FAST_MATH = YES;
				SDKROOT = iphoneos;
				SWIFT_COMPILATION_MODE = wholemodule;
				SWIFT_OPTIMIZATION_LEVEL = "-O";
				VALIDATE_PRODUCT = YES;
			};
			name = Release;
		};
		B2936613232076D20046CEBC /* Debug */ = {
			isa = XCBuildConfiguration;
			baseConfigurationReference = F045339B6AD46036C90D515C /* Pods-BestStarApp.debug.xcconfig */;
			buildSettings = {
				ASSETCATALOG_COMPILER_APPICON_NAME = AppIcon;
				CODE_SIGN_STYLE = Automatic;
				DEVELOPMENT_TEAM = V784X6X7VR;
				INFOPLIST_FILE = BestStarApp/Info.plist;
				LD_RUNPATH_SEARCH_PATHS = (
					"$(inherited)",
					"@executable_path/Frameworks",
				);
				PRODUCT_BUNDLE_IDENTIFIER = br.com.mmarques.BestStarApp;
				PRODUCT_NAME = "$(TARGET_NAME)";
				SWIFT_VERSION = 5.0;
				TARGETED_DEVICE_FAMILY = "1,2";
			};
			name = Debug;
		};
		B2936614232076D20046CEBC /* Release */ = {
			isa = XCBuildConfiguration;
			baseConfigurationReference = 45EC2975F1BA99C0AB040871 /* Pods-BestStarApp.release.xcconfig */;
			buildSettings = {
				ASSETCATALOG_COMPILER_APPICON_NAME = AppIcon;
				CODE_SIGN_STYLE = Automatic;
				DEVELOPMENT_TEAM = V784X6X7VR;
				INFOPLIST_FILE = BestStarApp/Info.plist;
				LD_RUNPATH_SEARCH_PATHS = (
					"$(inherited)",
					"@executable_path/Frameworks",
				);
				PRODUCT_BUNDLE_IDENTIFIER = br.com.mmarques.BestStarApp;
				PRODUCT_NAME = "$(TARGET_NAME)";
				SWIFT_VERSION = 5.0;
				TARGETED_DEVICE_FAMILY = "1,2";
			};
			name = Release;
		};
		B2936616232076D20046CEBC /* Debug */ = {
			isa = XCBuildConfiguration;
			baseConfigurationReference = C3195D6293F63825DDA4B994 /* Pods-BestStarApp-BestStarAppTests.debug.xcconfig */;
			buildSettings = {
				ALWAYS_EMBED_SWIFT_STANDARD_LIBRARIES = YES;
				BUNDLE_LOADER = "$(TEST_HOST)";
				CODE_SIGN_STYLE = Automatic;
				DEVELOPMENT_TEAM = V784X6X7VR;
				INFOPLIST_FILE = BestStarAppTests/Info.plist;
				LD_RUNPATH_SEARCH_PATHS = (
					"$(inherited)",
					"@executable_path/Frameworks",
					"@loader_path/Frameworks",
				);
				PRODUCT_BUNDLE_IDENTIFIER = br.com.mmarques.BestStarAppTests;
				PRODUCT_NAME = "$(TARGET_NAME)";
				SWIFT_VERSION = 5.0;
				TARGETED_DEVICE_FAMILY = "1,2";
				TEST_HOST = "$(BUILT_PRODUCTS_DIR)/BestStarApp.app/BestStarApp";
			};
			name = Debug;
		};
		B2936617232076D20046CEBC /* Release */ = {
			isa = XCBuildConfiguration;
			baseConfigurationReference = 75F42AA73F81DAA1DCA83B41 /* Pods-BestStarApp-BestStarAppTests.release.xcconfig */;
			buildSettings = {
				ALWAYS_EMBED_SWIFT_STANDARD_LIBRARIES = YES;
				BUNDLE_LOADER = "$(TEST_HOST)";
				CODE_SIGN_STYLE = Automatic;
				DEVELOPMENT_TEAM = V784X6X7VR;
				INFOPLIST_FILE = BestStarAppTests/Info.plist;
				LD_RUNPATH_SEARCH_PATHS = (
					"$(inherited)",
					"@executable_path/Frameworks",
					"@loader_path/Frameworks",
				);
				PRODUCT_BUNDLE_IDENTIFIER = br.com.mmarques.BestStarAppTests;
				PRODUCT_NAME = "$(TARGET_NAME)";
				SWIFT_VERSION = 5.0;
				TARGETED_DEVICE_FAMILY = "1,2";
				TEST_HOST = "$(BUILT_PRODUCTS_DIR)/BestStarApp.app/BestStarApp";
			};
			name = Release;
		};
		B2936619232076D20046CEBC /* Debug */ = {
			isa = XCBuildConfiguration;
			baseConfigurationReference = CEB35877FD938B31BB71B066 /* Pods-BestStarApp-BestStarAppUITests.debug.xcconfig */;
			buildSettings = {
				ALWAYS_EMBED_SWIFT_STANDARD_LIBRARIES = YES;
				CODE_SIGN_STYLE = Automatic;
				DEVELOPMENT_TEAM = V784X6X7VR;
				INFOPLIST_FILE = BestStarAppUITests/Info.plist;
				LD_RUNPATH_SEARCH_PATHS = (
					"$(inherited)",
					"@executable_path/Frameworks",
					"@loader_path/Frameworks",
				);
				PRODUCT_BUNDLE_IDENTIFIER = br.com.mmarques.BestStarAppUITests;
				PRODUCT_NAME = "$(TARGET_NAME)";
				SWIFT_VERSION = 5.0;
				TARGETED_DEVICE_FAMILY = "1,2";
				TEST_TARGET_NAME = BestStarApp;
			};
			name = Debug;
		};
		B293661A232076D20046CEBC /* Release */ = {
			isa = XCBuildConfiguration;
			baseConfigurationReference = 1EE5C26BD71CA9423B84D186 /* Pods-BestStarApp-BestStarAppUITests.release.xcconfig */;
			buildSettings = {
				ALWAYS_EMBED_SWIFT_STANDARD_LIBRARIES = YES;
				CODE_SIGN_STYLE = Automatic;
				DEVELOPMENT_TEAM = V784X6X7VR;
				INFOPLIST_FILE = BestStarAppUITests/Info.plist;
				LD_RUNPATH_SEARCH_PATHS = (
					"$(inherited)",
					"@executable_path/Frameworks",
					"@loader_path/Frameworks",
				);
				PRODUCT_BUNDLE_IDENTIFIER = br.com.mmarques.BestStarAppUITests;
				PRODUCT_NAME = "$(TARGET_NAME)";
				SWIFT_VERSION = 5.0;
				TARGETED_DEVICE_FAMILY = "1,2";
				TEST_TARGET_NAME = BestStarApp;
			};
			name = Release;
		};
/* End XCBuildConfiguration section */

/* Begin XCConfigurationList section */
		B29365E5232076D00046CEBC /* Build configuration list for PBXProject "BestStarApp" */ = {
			isa = XCConfigurationList;
			buildConfigurations = (
				B2936610232076D20046CEBC /* Debug */,
				B2936611232076D20046CEBC /* Release */,
			);
			defaultConfigurationIsVisible = 0;
			defaultConfigurationName = Release;
		};
		B2936612232076D20046CEBC /* Build configuration list for PBXNativeTarget "BestStarApp" */ = {
			isa = XCConfigurationList;
			buildConfigurations = (
				B2936613232076D20046CEBC /* Debug */,
				B2936614232076D20046CEBC /* Release */,
			);
			defaultConfigurationIsVisible = 0;
			defaultConfigurationName = Release;
		};
		B2936615232076D20046CEBC /* Build configuration list for PBXNativeTarget "BestStarAppTests" */ = {
			isa = XCConfigurationList;
			buildConfigurations = (
				B2936616232076D20046CEBC /* Debug */,
				B2936617232076D20046CEBC /* Release */,
			);
			defaultConfigurationIsVisible = 0;
			defaultConfigurationName = Release;
		};
		B2936618232076D20046CEBC /* Build configuration list for PBXNativeTarget "BestStarAppUITests" */ = {
			isa = XCConfigurationList;
			buildConfigurations = (
				B2936619232076D20046CEBC /* Debug */,
				B293661A232076D20046CEBC /* Release */,
			);
			defaultConfigurationIsVisible = 0;
			defaultConfigurationName = Release;
		};
/* End XCConfigurationList section */
	};
	rootObject = B29365E2232076D00046CEBC /* Project object */;
}
